
Microsoft Visual Studio Solution File, Format Version 12.00
# Visual Studio 15
VisualStudioVersion = 15.0.28307.1684
MinimumVisualStudioVersion = 10.0.40219.1
Project("{FAE04EC0-301F-11D3-BF4B-00C04F79EFBC}") = "app_restaurante", "app_restaurante\app_restaurante.csproj", "{C8C225B7-78AD-41EB-92C9-0EBFA49CF14A}"
EndProject
Global
	GlobalSection(SolutionConfigurationPlatforms) = preSolution
		Debug|Any CPU = Debug|Any CPU
		Release|Any CPU = Release|Any CPU
	EndGlobalSection
	GlobalSection(ProjectConfigurationPlatforms) = postSolution
		{C8C225B7-78AD-41EB-92C9-0EBFA49CF14A}.Debug|Any CPU.ActiveCfg = Debug|Any CPU
		{C8C225B7-78AD-41EB-92C9-0EBFA49CF14A}.Debug|Any CPU.Build.0 = Debug|Any CPU
		{C8C225B7-78AD-41EB-92C9-0EBFA49CF14A}.Release|Any CPU.ActiveCfg = Release|Any CPU
		{C8C225B7-78AD-41EB-92C9-0EBFA49CF14A}.Release|Any CPU.Build.0 = Release|Any CPU
	EndGlobalSection
	GlobalSection(SolutionProperties) = preSolution
		HideSolutionNode = FALSE
	EndGlobalSection
	GlobalSection(ExtensibilityGlobals) = postSolution
		SolutionGuid = {B5FEA22D-F19D-4E9B-867D-9B382DF75FF9}
	EndGlobalSection
EndGlobal
